{
  "nodes": {
    "aagl": {
      "inputs": {
        "flake-compat": "flake-compat",
        "nixpkgs": [
          "nixpkgs"
        ],
        "rust-overlay": "rust-overlay"
      },
      "locked": {
        "lastModified": 1772290799,
        "narHash": "sha256-3MEVhEb3WuLDYOBhD1zjADRFcuJz13uJSt2zJFS8F8Y=",
        "owner": "ezKEa",
        "repo": "aagl-gtk-on-nix",
        "rev": "25372a35667e03ba1f733bbb24f2d8b825ee261f",
        "type": "github"
      },
      "original": {
        "owner": "ezKEa",
        "ref": "release-25.11",
        "repo": "aagl-gtk-on-nix",
        "type": "github"
      }
    },
    "flake-compat": {
      "flake": false,
      "locked": {
        "lastModified": 1767039857,
        "narHash": "sha256-vNpUSpF5Nuw8xvDLj2KCwwksIbjua2LZCqhV1LNRDns=",
        "owner": "edolstra",
        "repo": "flake-compat",
        "rev": "5edf11c44bc78a0d334f6334cdaf7d60d732daab",
        "type": "github"
      },
      "original": {
        "owner": "edolstra",
        "repo": "flake-compat",
        "type": "github"
      }
    },
    "flake-compat_2": {
      "flake": false,
      "locked": {
        "lastModified": 1767039857,
        "narHash": "sha256-vNpUSpF5Nuw8xvDLj2KCwwksIbjua2LZCqhV1LNRDns=",
        "owner": "NixOS",
        "repo": "flake-compat",
        "rev": "5edf11c44bc78a0d334f6334cdaf7d60d732daab",
        "type": "github"
      },
      "original": {
        "owner": "NixOS",
        "repo": "flake-compat",
        "type": "github"
      }
    },
    "flake-parts": {
      "inputs": {
        "nixpkgs-lib": "nixpkgs-lib"
      },
      "locked": {
        "lastModified": 1769996383,
        "narHash": "sha256-AnYjnFWgS49RlqX7LrC4uA+sCCDBj0Ry/WOJ5XWAsa0=",
        "owner": "hercules-ci",
        "repo": "flake-parts",
        "rev": "57928607ea566b5db3ad13af0e57e921e6b12381",
        "type": "github"
      },
      "original": {
        "owner": "hercules-ci",
        "repo": "flake-parts",
        "type": "github"
      }
    },
    "flake-utils": {
      "inputs": {
        "systems": "systems"
      },
      "locked": {
        "lastModified": 1731533236,
        "narHash": "sha256-l0KFg5HjrsfsO/JpG+r7fRrqm12kzFHyUHqHCVpMMbI=",
        "owner": "numtide",
        "repo": "flake-utils",
        "rev": "11707dc2f618dd54ca8739b309ec4fc024de578b",
        "type": "github"
      },
      "original": {
        "owner": "numtide",
        "repo": "flake-utils",
        "type": "github"
      }
    },
    "git-hooks": {
      "inputs": {
        "flake-compat": "flake-compat_2",
        "gitignore": "gitignore",
        "nixpkgs": [
          "nix-gaming",
          "nixpkgs"
        ]
      },
      "locked": {
        "lastModified": 1770726378,
        "narHash": "sha256-kck+vIbGOaM/dHea7aTBxdFYpeUl/jHOy5W3eyRvVx8=",
        "owner": "cachix",
        "repo": "git-hooks.nix",
        "rev": "5eaaedde414f6eb1aea8b8525c466dc37bba95ae",
        "type": "github"
      },
      "original": {
        "owner": "cachix",
        "repo": "git-hooks.nix",
        "type": "github"
      }
    },
    "gitignore": {
      "inputs": {
        "nixpkgs": [
          "nix-gaming",
          "git-hooks",
          "nixpkgs"
        ]
      },
      "locked": {
        "lastModified": 1709087332,
        "narHash": "sha256-HG2cCnktfHsKV0s4XW83gU3F57gaTljL9KNSuG6bnQs=",
        "owner": "hercules-ci",
        "repo": "gitignore.nix",
        "rev": "637db329424fd7e46cf4185293b9cc8c88c95394",
        "type": "github"
      },
      "original": {
        "owner": "hercules-ci",
        "repo": "gitignore.nix",
        "type": "github"
      }
    },
    "home-manager": {
      "inputs": {
        "nixpkgs": [
          "nixpkgs"
        ]
      },
      "locked": {
        "lastModified": 1772633058,
        "narHash": "sha256-SO7JapRy2HPhgmqiLbfnW1kMx5rakPMKZ9z3wtRLQjI=",
        "owner": "nix-community",
        "repo": "home-manager",
        "rev": "080657a04188aca25f8a6c70a0fb2ea7e37f1865",
        "type": "github"
      },
      "original": {
        "owner": "nix-community",
        "ref": "release-25.11",
        "repo": "home-manager",
        "type": "github"
      }
    },
    "mistral-vibe": {
      "inputs": {
        "flake-utils": "flake-utils",
        "nixpkgs": "nixpkgs_2",
        "pyproject-build-systems": "pyproject-build-systems",
        "pyproject-nix": "pyproject-nix",
        "uv2nix": "uv2nix"
      },
      "locked": {
        "lastModified": 1773155238,
        "narHash": "sha256-iAW+ndHgODTrDOuF5DByiVvk+sHDRj7QTm1gOTSqc2I=",
        "owner": "mistralai",
        "repo": "mistral-vibe",
        "rev": "e9428bce233eaae7fd92565a77b6ff4b6508f1ae",
        "type": "github"
      },
      "original": {
        "owner": "mistralai",
        "repo": "mistral-vibe",
        "type": "github"
      }
    },
    "nix-gaming": {
      "inputs": {
        "flake-parts": "flake-parts",
        "git-hooks": "git-hooks",
        "nixpkgs": "nixpkgs_3"
      },
      "locked": {
        "lastModified": 1772678126,
        "narHash": "sha256-MZVqAmjcTmicg4WP2SxtNksUXS6tigY+EwBatLxc1bM=",
        "owner": "fufexan",
        "repo": "nix-gaming",
        "rev": "aa9ba54128d03151f11e96b3213b3791a5496fe5",
        "type": "github"
      },
      "original": {
        "owner": "fufexan",
        "repo": "nix-gaming",
        "type": "github"
      }
    },
    "nixpkgs": {
      "locked": {
        "lastModified": 1744536153,
        "narHash": "sha256-awS2zRgF4uTwrOKwwiJcByDzDOdo3Q1rPZbiHQg/N38=",
        "owner": "NixOS",
        "repo": "nixpkgs",
        "rev": "18dd725c29603f582cf1900e0d25f9f1063dbf11",
        "type": "github"
      },
      "original": {
        "owner": "NixOS",
        "ref": "nixpkgs-unstable",
        "repo": "nixpkgs",
        "type": "github"
      }
    },
    "nixpkgs-lib": {
      "locked": {
        "lastModified": 1769909678,
        "narHash": "sha256-cBEymOf4/o3FD5AZnzC3J9hLbiZ+QDT/KDuyHXVJOpM=",
        "owner": "nix-community",
        "repo": "nixpkgs.lib",
        "rev": "72716169fe93074c333e8d0173151350670b824c",
        "type": "github"
      },
      "original": {
        "owner": "nix-community",
        "repo": "nixpkgs.lib",
        "type": "github"
      }
    },
    "nixpkgs-unstable": {
      "locked": {
        "lastModified": 1772624091,
        "narHash": "sha256-QKyJ0QGWBn6r0invrMAK8dmJoBYWoOWy7lN+UHzW1jc=",
        "owner": "NixOS",
        "repo": "nixpkgs",
        "rev": "80bdc1e5ce51f56b19791b52b2901187931f5353",
        "type": "github"
      },
      "original": {
        "owner": "NixOS",
        "ref": "nixos-unstable",
        "repo": "nixpkgs",
        "type": "github"
      }
    },
    "nixpkgs_2": {
      "locked": {
        "lastModified": 1766309749,
        "narHash": "sha256-3xY8CZ4rSnQ0NqGhMKAy5vgC+2IVK0NoVEzDoOh4DA4=",
        "owner": "NixOS",
        "repo": "nixpkgs",
        "rev": "a6531044f6d0bef691ea18d4d4ce44d0daa6e816",
        "type": "github"
      },
      "original": {
        "owner": "NixOS",
        "ref": "nixos-unstable",
        "repo": "nixpkgs",
        "type": "github"
      }
    },
    "nixpkgs_3": {
      "locked": {
        "lastModified": 1772173633,
        "narHash": "sha256-MOH58F4AIbCkh6qlQcwMycyk5SWvsqnS/TCfnqDlpj4=",
        "owner": "NixOS",
        "repo": "nixpkgs",
        "rev": "c0f3d81a7ddbc2b1332be0d8481a672b4f6004d6",
        "type": "github"
      },
      "original": {
        "owner": "NixOS",
        "ref": "nixpkgs-unstable",
        "repo": "nixpkgs",
        "type": "github"
      }
    },
    "nixpkgs_4": {
      "locked": {
        "lastModified": 1772598333,
        "narHash": "sha256-YaHht/C35INEX3DeJQNWjNaTcPjYmBwwjFJ2jdtr+5U=",
        "owner": "NixOS",
        "repo": "nixpkgs",
        "rev": "fabb8c9deee281e50b1065002c9828f2cf7b2239",
        "type": "github"
      },
      "original": {
        "owner": "NixOS",
        "ref": "nixos-25.11",
        "repo": "nixpkgs",
        "type": "github"
      }
    },
    "noctalia": {
      "inputs": {
        "nixpkgs": [
          "nixpkgs"
        ],
        "noctalia-qs": "noctalia-qs"
      },
      "locked": {
        "lastModified": 1772755279,
        "narHash": "sha256-vDeyLhCqy2weSYD/5LtX4kXXc/pBwd1rUqcPkzCGTKs=",
        "owner": "noctalia-dev",
        "repo": "noctalia-shell",
        "rev": "52a7165b46117ac7dcf41be1f9df6f1e1a538b13",
        "type": "github"
      },
      "original": {
        "owner": "noctalia-dev",
        "repo": "noctalia-shell",
        "type": "github"
      }
    },
    "noctalia-qs": {
      "inputs": {
        "nixpkgs": [
          "noctalia",
          "nixpkgs"
        ]
      },
      "locked": {
        "lastModified": 1772673824,
        "narHash": "sha256-TLHXPoELZA6VeuzC1Zpx+MnSsYzrJs+DSieMgfjAOJc=",
        "owner": "noctalia-dev",
        "repo": "noctalia-qs",
        "rev": "f8531192cd09b9ea2e78d18e9cfc9d3dba498690",
        "type": "github"
      },
      "original": {
        "owner": "noctalia-dev",
        "repo": "noctalia-qs",
        "type": "github"
      }
    },
    "pyproject-build-systems": {
      "inputs": {
        "nixpkgs": [
          "mistral-vibe",
          "nixpkgs"
        ],
        "pyproject-nix": [
          "mistral-vibe",
          "pyproject-nix"
        ],
        "uv2nix": [
          "mistral-vibe",
          "uv2nix"
        ]
      },
      "locked": {
        "lastModified": 1763662255,
        "narHash": "sha256-4bocaOyLa3AfiS8KrWjZQYu+IAta05u3gYZzZ6zXbT0=",
        "owner": "pyproject-nix",
        "repo": "build-system-pkgs",
        "rev": "042904167604c681a090c07eb6967b4dd4dae88c",
        "type": "github"
      },
      "original": {
        "owner": "pyproject-nix",
        "repo": "build-system-pkgs",
        "type": "github"
      }
    },
    "pyproject-nix": {
      "inputs": {
        "nixpkgs": [
          "mistral-vibe",
          "nixpkgs"
        ]
      },
      "locked": {
        "lastModified": 1764134915,
        "narHash": "sha256-xaKvtPx6YAnA3HQVp5LwyYG1MaN4LLehpQI8xEdBvBY=",
        "owner": "pyproject-nix",
        "repo": "pyproject.nix",
        "rev": "2c8df1383b32e5443c921f61224b198a2282a657",
        "type": "github"
      },
      "original": {
        "owner": "pyproject-nix",
        "repo": "pyproject.nix",
        "type": "github"
      }
    },
    "quickshell": {
      "inputs": {
        "nixpkgs": [
          "nixpkgs"
        ]
      },
      "locked": {
        "lastModified": 1772695593,
        "narHash": "sha256-kS8IgyBauCuOIgUcX4ajko6Szn4FPLCfwcEGfTv7RDc=",
        "owner": "outfoxxed",
        "repo": "quickshell",
        "rev": "5721955686a474b814c27bc0ec743f86e473ac4f",
        "type": "github"
      },
      "original": {
        "owner": "outfoxxed",
        "repo": "quickshell",
        "type": "github"
      }
    },
    "root": {
      "inputs": {
        "aagl": "aagl",
        "home-manager": "home-manager",
        "mistral-vibe": "mistral-vibe",
        "nix-gaming": "nix-gaming",
        "nixpkgs": "nixpkgs_4",
        "nixpkgs-unstable": "nixpkgs-unstable",
        "noctalia": "noctalia",
        "quickshell": "quickshell",
        "sops-nix": "sops-nix"
      }
    },
    "rust-overlay": {
      "inputs": {
        "nixpkgs": "nixpkgs"
      },
      "locked": {
        "lastModified": 1770865833,
        "narHash": "sha256-oiARqnlvaW6pVGheVi4ye6voqCwhg5hCcGish2ZvQzI=",
        "owner": "oxalica",
        "repo": "rust-overlay",
        "rev": "c8cfbe26238638e2f3a2c0ae7e8d240f5e4ded85",
        "type": "github"
      },
      "original": {
        "owner": "oxalica",
        "repo": "rust-overlay",
        "type": "github"
      }
    },
    "sops-nix": {
      "inputs": {
        "nixpkgs": [
          "nixpkgs"
        ]
      },
      "locked": {
        "lastModified": 1772495394,
        "narHash": "sha256-hmIvE/slLKEFKNEJz27IZ8BKlAaZDcjIHmkZ7GCEjfw=",
        "owner": "Mic92",
        "repo": "sops-nix",
        "rev": "1d9b98a29a45abe9c4d3174bd36de9f28755e3ff",
        "type": "github"
      },
      "original": {
        "owner": "Mic92",
        "repo": "sops-nix",
        "type": "github"
      }
    },
    "systems": {
      "locked": {
        "lastModified": 1681028828,
        "narHash": "sha256-Vy1rq5AaRuLzOxct8nz4T6wlgyUR7zLU309k9mBC768=",
        "owner": "nix-systems",
        "repo": "default",
        "rev": "da67096a3b9bf56a91d16901293e51ba5b49a27e",
        "type": "github"
      },
      "original": {
        "owner": "nix-systems",
        "repo": "default",
        "type": "github"
      }
    },
    "uv2nix": {
      "inputs": {
        "nixpkgs": [
          "mistral-vibe",
          "nixpkgs"
        ],
        "pyproject-nix": [
          "mistral-vibe",
          "pyproject-nix"
        ]
      },
      "locked": {
        "lastModified": 1766021660,
        "narHash": "sha256-UUfz7qWB1Rb2KjGVCimt//Jncv3TgJwffPqbzqpkmgY=",
        "owner": "pyproject-nix",
        "repo": "uv2nix",
        "rev": "19fa99be3409f55ec05e823c66c9769df7a8dd17",
        "type": "github"
      },
      "original": {
        "owner": "pyproject-nix",
        "repo": "uv2nix",
        "type": "github"
      }
    }
  },
  "root": "root",
  "version": 7
}
